// !$*UTF8*$!
{
	archiveVersion = 1;
	classes = {
	};
	objectVersion = 55;
	objects = {

/* Begin PBXBuildFile section */
		2BCF135029F4EE9100B8DA54 /* AppDelegate.swift in Sources */ = {isa = PBXBuildFile; fileRef = 2BCF134F29F4EE9100B8DA54 /* AppDelegate.swift */; };
		2BCF135229F4EE9100B8DA54 /* SceneDelegate.swift in Sources */ = {isa = PBXBuildFile; fileRef = 2BCF135129F4EE9100B8DA54 /* SceneDelegate.swift */; };
		2BCF135429F4EE9100B8DA54 /* ViewController.swift in Sources */ = {isa = PBXBuildFile; fileRef = 2BCF135329F4EE9100B8DA54 /* ViewController.swift */; };
		2BCF135729F4EE9100B8DA54 /* Main.storyboard in Resources */ = {isa = PBXBuildFile; fileRef = 2BCF135529F4EE9100B8DA54 /* Main.storyboard */; };
		2BCF135929F4EE9200B8DA54 /* Assets.xcassets in Resources */ = {isa = PBXBuildFile; fileRef = 2BCF135829F4EE9200B8DA54 /* Assets.xcassets */; };
		2BCF135C29F4EE9200B8DA54 /* LaunchScreen.storyboard in Resources */ = {isa = PBXBuildFile; fileRef = 2BCF135A29F4EE9200B8DA54 /* LaunchScreen.storyboard */; };
		2BCF136429F5079C00B8DA54 /* Response.swift in Sources */ = {isa = PBXBuildFile; fileRef = 2BCF136329F5079C00B8DA54 /* Response.swift */; };
		2BCF136729F5098100B8DA54 /* NewsAsset.swift in Sources */ = {isa = PBXBuildFile; fileRef = 2BCF136629F5098100B8DA54 /* NewsAsset.swift */; };
		80D266976C6241742A686CCC /* Pods_RX_Swift_News.framework in Frameworks */ = {isa = PBXBuildFile; fileRef = A0E571901FBE0F475222915E /* Pods_RX_Swift_News.framework */; };
/* End PBXBuildFile section */

/* Begin PBXFileReference section */
		2BCF134C29F4EE9100B8DA54 /* RX Swift News.app */ = {isa = PBXFileReference; explicitFileType = wrapper.application; includeInIndex = 0; path = "RX Swift News.app"; sourceTree = BUILT_PRODUCTS_DIR; };
		2BCF134F29F4EE9100B8DA54 /* AppDelegate.swift */ = {isa = PBXFileReference; lastKnownFileType = sourcecode.swift; path = AppDelegate.swift; sourceTree = "<group>"; };
		2BCF135129F4EE9100B8DA54 /* SceneDelegate.swift */ = {isa = PBXFileReference; lastKnownFileType = sourcecode.swift; path = SceneDelegate.swift; sourceTree = "<group>"; };
		2BCF135329F4EE9100B8DA54 /* ViewController.swift */ = {isa = PBXFileReference; lastKnownFileType = sourcecode.swift; path = ViewController.swift; sourceTree = "<group>"; };
		2BCF135629F4EE9100B8DA54 /* Base */ = {isa = PBXFileReference; lastKnownFileType = file.storyboard; name = Base; path = Base.lproj/Main.storyboard; sourceTree = "<group>"; };
		2BCF135829F4EE9200B8DA54 /* Assets.xcassets */ = {isa = PBXFileReference; lastKnownFileType = folder.assetcatalog; path = Assets.xcassets; sourceTree = "<group>"; };
		2BCF135B29F4EE9200B8DA54 /* Base */ = {isa = PBXFileReference; lastKnownFileType = file.storyboard; name = Base; path = Base.lproj/LaunchScreen.storyboard; sourceTree = "<group>"; };
		2BCF135D29F4EE9200B8DA54 /* Info.plist */ = {isa = PBXFileReference; lastKnownFileType = text.plist.xml; path = Info.plist; sourceTree = "<group>"; };
		2BCF136329F5079C00B8DA54 /* Response.swift */ = {isa = PBXFileReference; lastKnownFileType = sourcecode.swift; path = Response.swift; sourceTree = "<group>"; };
		2BCF136629F5098100B8DA54 /* NewsAsset.swift */ = {isa = PBXFileReference; lastKnownFileType = sourcecode.swift; path = NewsAsset.swift; sourceTree = "<group>"; };
		37CB274FD020DAC0138F4B60 /* Pods-RX Swift News.release.xcconfig */ = {isa = PBXFileReference; includeInIndex = 1; lastKnownFileType = text.xcconfig; name = "Pods-RX Swift News.release.xcconfig"; path = "Target Support Files/Pods-RX Swift News/Pods-RX Swift News.release.xcconfig"; sourceTree = "<group>"; };
		A0E571901FBE0F475222915E /* Pods_RX_Swift_News.framework */ = {isa = PBXFileReference; explicitFileType = wrapper.framework; includeInIndex = 0; path = Pods_RX_Swift_News.framework; sourceTree = BUILT_PRODUCTS_DIR; };
		A902BECAA683C2CB44953271 /* Pods-RX Swift News.debug.xcconfig */ = {isa = PBXFileReference; includeInIndex = 1; lastKnownFileType = text.xcconfig; name = "Pods-RX Swift News.debug.xcconfig"; path = "Target Support Files/Pods-RX Swift News/Pods-RX Swift News.debug.xcconfig"; sourceTree = "<group>"; };
/* End PBXFileReference section */

/* Begin PBXFrameworksBuildPhase section */
		2BCF134929F4EE9100B8DA54 /* Frameworks */ = {
			isa = PBXFrameworksBuildPhase;
			buildActionMask = 2147483647;
			files = (
				80D266976C6241742A686CCC /* Pods_RX_Swift_News.framework in Frameworks */,
			);
			runOnlyForDeploymentPostprocessing = 0;
		};
/* End PBXFrameworksBuildPhase section */

/* Begin PBXGroup section */
		2BCF134329F4EE9100B8DA54 = {
			isa = PBXGroup;
			children = (
				2BCF134E29F4EE9100B8DA54 /* RX Swift News */,
				2BCF134D29F4EE9100B8DA54 /* Products */,
				353F82F2226AACD4CA0ADE20 /* Pods */,
				C2629CB858218C7A48A43019 /* Frameworks */,
			);
			sourceTree = "<group>";
		};
		2BCF134D29F4EE9100B8DA54 /* Products */ = {
			isa = PBXGroup;
			children = (
				2BCF134C29F4EE9100B8DA54 /* RX Swift News.app */,
			);
			name = Products;
			sourceTree = "<group>";
		};
		2BCF134E29F4EE9100B8DA54 /* RX Swift News */ = {
			isa = PBXGroup;
			children = (
				2BCF136529F5092B00B8DA54 /* Models */,
				2BCF134F29F4EE9100B8DA54 /* AppDelegate.swift */,
				2BCF135129F4EE9100B8DA54 /* SceneDelegate.swift */,
				2BCF135329F4EE9100B8DA54 /* ViewController.swift */,
				2BCF135529F4EE9100B8DA54 /* Main.storyboard */,
				2BCF135829F4EE9200B8DA54 /* Assets.xcassets */,
				2BCF135A29F4EE9200B8DA54 /* LaunchScreen.storyboard */,
				2BCF135D29F4EE9200B8DA54 /* Info.plist */,
			);
			path = "RX Swift News";
			sourceTree = "<group>";
		};
		2BCF136529F5092B00B8DA54 /* Models */ = {
			isa = PBXGroup;
			children = (
				2BCF136329F5079C00B8DA54 /* Response.swift */,
				2BCF136629F5098100B8DA54 /* NewsAsset.swift */,
			);
			path = Models;
			sourceTree = "<group>";
		};
		353F82F2226AACD4CA0ADE20 /* Pods */ = {
			isa = PBXGroup;
			children = (
				A902BECAA683C2CB44953271 /* Pods-RX Swift News.debug.xcconfig */,
				37CB274FD020DAC0138F4B60 /* Pods-RX Swift News.release.xcconfig */,
			);
			path = Pods;
			sourceTree = "<group>";
		};
		C2629CB858218C7A48A43019 /* Frameworks */ = {
			isa = PBXGroup;
			children = (
				A0E571901FBE0F475222915E /* Pods_RX_Swift_News.framework */,
			);
			name = Frameworks;
			sourceTree = "<group>";
		};
/* End PBXGroup section */

/* Begin PBXNativeTarget section */
		2BCF134B29F4EE9100B8DA54 /* RX Swift News */ = {
			isa = PBXNativeTarget;
			buildConfigurationList = 2BCF136029F4EE9200B8DA54 /* Build configuration list for PBXNativeTarget "RX Swift News" */;
			buildPhases = (
				8D430E31312E8ADB2E1D1405 /* [CP] Check Pods Manifest.lock */,
				2BCF134829F4EE9100B8DA54 /* Sources */,
				2BCF134929F4EE9100B8DA54 /* Frameworks */,
				2BCF134A29F4EE9100B8DA54 /* Resources */,
				FAD06E606303EA45569E5319 /* [CP] Embed Pods Frameworks */,
			);
			buildRules = (
			);
			dependencies = (
			);
			name = "RX Swift News";
			productName = "RX Swift News";
			productReference = 2BCF134C29F4EE9100B8DA54 /* RX Swift News.app */;
			productType = "com.apple.product-type.application";
		};
/* End PBXNativeTarget section */

/* Begin PBXProject section */
		2BCF134429F4EE9100B8DA54 /* Project object */ = {
			isa = PBXProject;
			attributes = {
				BuildIndependentTargetsInParallel = 1;
				LastSwiftUpdateCheck = 1420;
				LastUpgradeCheck = 1420;
				TargetAttributes = {
					2BCF134B29F4EE9100B8DA54 = {
						CreatedOnToolsVersion = 14.2;
					};
				};
			};
			buildConfigurationList = 2BCF134729F4EE9100B8DA54 /* Build configuration list for PBXProject "RX Swift News" */;
			compatibilityVersion = "Xcode 13.0";
			developmentRegion = en;
			hasScannedForEncodings = 0;
			knownRegions = (
				en,
				Base,
			);
			mainGroup = 2BCF134329F4EE9100B8DA54;
			productRefGroup = 2BCF134D29F4EE9100B8DA54 /* Products */;
			projectDirPath = "";
			projectRoot = "";
			targets = (
				2BCF134B29F4EE9100B8DA54 /* RX Swift News */,
			);
		};
/* End PBXProject section */

/* Begin PBXResourcesBuildPhase section */
		2BCF134A29F4EE9100B8DA54 /* Resources */ = {
			isa = PBXResourcesBuildPhase;
			buildActionMask = 2147483647;
			files = (
				2BCF135C29F4EE9200B8DA54 /* LaunchScreen.storyboard in Resources */,
				2BCF135929F4EE9200B8DA54 /* Assets.xcassets in Resources */,
				2BCF135729F4EE9100B8DA54 /* Main.storyboard in Resources */,
			);
			runOnlyForDeploymentPostprocessing = 0;
		};
/* End PBXResourcesBuildPhase section */

/* Begin PBXShellScriptBuildPhase section */
		8D430E31312E8ADB2E1D1405 /* [CP] Check Pods Manifest.lock */ = {
			isa = PBXShellScriptBuildPhase;
			buildActionMask = 2147483647;
			files = (
			);
			inputFileListPaths = (
			);
			inputPaths = (
				"${PODS_PODFILE_DIR_PATH}/Podfile.lock",
				"${PODS_ROOT}/Manifest.lock",
			);
			name = "[CP] Check Pods Manifest.lock";
			outputFileListPaths = (
			);
			outputPaths = (
				"$(DERIVED_FILE_DIR)/Pods-RX Swift News-checkManifestLockResult.txt",
			);
			runOnlyForDeploymentPostprocessing = 0;
			shellPath = /bin/sh;
			shellScript = "diff \"${PODS_PODFILE_DIR_PATH}/Podfile.lock\" \"${PODS_ROOT}/Manifest.lock\" > /dev/null\nif [ $? != 0 ] ; then\n    # print error to STDERR\n    echo \"error: The sandbox is not in sync with the Podfile.lock. Run 'pod install' or update your CocoaPods installation.\" >&2\n    exit 1\nfi\n# This output is used by Xcode 'outputs' to avoid re-running this script phase.\necho \"SUCCESS\" > \"${SCRIPT_OUTPUT_FILE_0}\"\n";
			showEnvVarsInLog = 0;
		};
		FAD06E606303EA45569E5319 /* [CP] Embed Pods Frameworks */ = {
			isa = PBXShellScriptBuildPhase;
			buildActionMask = 2147483647;
			files = (
			);
			inputFileListPaths = (
				"${PODS_ROOT}/Target Support Files/Pods-RX Swift News/Pods-RX Swift News-frameworks-${CONFIGURATION}-input-files.xcfilelist",
			);
			name = "[CP] Embed Pods Frameworks";
			outputFileListPaths = (
				"${PODS_ROOT}/Target Support Files/Pods-RX Swift News/Pods-RX Swift News-frameworks-${CONFIGURATION}-output-files.xcfilelist",
			);
			runOnlyForDeploymentPostprocessing = 0;
			shellPath = /bin/sh;
			shellScript = "\"${PODS_ROOT}/Target Support Files/Pods-RX Swift News/Pods-RX Swift News-frameworks.sh\"\n";
			showEnvVarsInLog = 0;
		};
/* End PBXShellScriptBuildPhase section */

/* Begin PBXSourcesBuildPhase section */
		2BCF134829F4EE9100B8DA54 /* Sources */ = {
			isa = PBXSourcesBuildPhase;
			buildActionMask = 2147483647;
			files = (
				2BCF136429F5079C00B8DA54 /* Response.swift in Sources */,
				2BCF135429F4EE9100B8DA54 /* ViewController.swift in Sources */,
				2BCF135029F4EE9100B8DA54 /* AppDelegate.swift in Sources */,
				2BCF136729F5098100B8DA54 /* NewsAsset.swift in Sources */,
				2BCF135229F4EE9100B8DA54 /* SceneDelegate.swift in Sources */,
			);
			runOnlyForDeploymentPostprocessing = 0;
		};
/* End PBXSourcesBuildPhase section */

/* Begin PBXVariantGroup section */
		2BCF135529F4EE9100B8DA54 /* Main.storyboard */ = {
			isa = PBXVariantGroup;
			children = (
				2BCF135629F4EE9100B8DA54 /* Base */,
			);
			name = Main.storyboard;
			sourceTree = "<group>";
		};
		2BCF135A29F4EE9200B8DA54 /* LaunchScreen.storyboard */ = {
			isa = PBXVariantGroup;
			children = (
				2BCF135B29F4EE9200B8DA54 /* Base */,
			);
			name = LaunchScreen.storyboard;
			sourceTree = "<group>";
		};
/* End PBXVariantGroup section */

/* Begin XCBuildConfiguration section */
		2BCF135E29F4EE9200B8DA54 /* Debug */ = {
			isa = XCBuildConfiguration;
			buildSettings = {
				ALWAYS_SEARCH_USER_PATHS = NO;
				CLANG_ANALYZER_NONNULL = YES;
				CLANG_ANALYZER_NUMBER_OBJECT_CONVERSION = YES_AGGRESSIVE;
				CLANG_CXX_LANGUAGE_STANDARD = "gnu++20";
				CLANG_ENABLE_MODULES = YES;
				CLANG_ENABLE_OBJC_ARC = YES;
				CLANG_ENABLE_OBJC_WEAK = YES;
				CLANG_WARN_BLOCK_CAPTURE_AUTORELEASING = YES;
				CLANG_WARN_BOOL_CONVERSION = YES;
				CLANG_WARN_COMMA = YES;
				CLANG_WARN_CONSTANT_CONVERSION = YES;
				CLANG_WARN_DEPRECATED_OBJC_IMPLEMENTATIONS = YES;
				CLANG_WARN_DIRECT_OBJC_ISA_USAGE = YES_ERROR;
				CLANG_WARN_DOCUMENTATION_COMMENTS = YES;
				CLANG_WARN_EMPTY_BODY = YES;
				CLANG_WARN_ENUM_CONVERSION = YES;
				CLANG_WARN_INFINITE_RECURSION = YES;
				CLANG_WARN_INT_CONVERSION = YES;
				CLANG_WARN_NON_LITERAL_NULL_CONVERSION = YES;
				CLANG_WARN_OBJC_IMPLICIT_RETAIN_SELF = YES;
				CLANG_WARN_OBJC_LITERAL_CONVERSION = YES;
				CLANG_WARN_OBJC_ROOT_CLASS = YES_ERROR;
				CLANG_WARN_QUOTED_INCLUDE_IN_FRAMEWORK_HEADER = YES;
				CLANG_WARN_RANGE_LOOP_ANALYSIS = YES;
				CLANG_WARN_STRICT_PROTOTYPES = YES;
				CLANG_WARN_SUSPICIOUS_MOVE = YES;
				CLANG_WARN_UNGUARDED_AVAILABILITY = YES_AGGRESSIVE;
				CLANG_WARN_UNREACHABLE_CODE = YES;
				CLANG_WARN__DUPLICATE_METHOD_MATCH = YES;
				COPY_PHASE_STRIP = NO;
				DEBUG_INFORMATION_FORMAT = dwarf;
				ENABLE_STRICT_OBJC_MSGSEND = YES;
				ENABLE_TESTABILITY = YES;
				GCC_C_LANGUAGE_STANDARD = gnu11;
				GCC_DYNAMIC_NO_PIC = NO;
				GCC_NO_COMMON_BLOCKS = YES;
				GCC_OPTIMIZATION_LEVEL = 0;
				GCC_PREPROCESSOR_DEFINITIONS = (
					"DEBUG=1",
					"$(inherited)",
				);
				GCC_WARN_64_TO_32_BIT_CONVERSION = YES;
				GCC_WARN_ABOUT_RETURN_TYPE = YES_ERROR;
				GCC_WARN_UNDECLARED_SELECTOR = YES;
				GCC_WARN_UNINITIALIZED_AUTOS = YES_AGGRESSIVE;
				GCC_WARN_UNUSED_FUNCTION = YES;
				GCC_WARN_UNUSED_VARIABLE = YES;
				IPHONEOS_DEPLOYMENT_TARGET = 16.2;
				MTL_ENABLE_DEBUG_INFO = INCLUDE_SOURCE;
				MTL_FAST_MATH = YES;
				ONLY_ACTIVE_ARCH = YES;
				SDKROOT = iphoneos;
				SWIFT_ACTIVE_COMPILATION_CONDITIONS = DEBUG;
				SWIFT_OPTIMIZATION_LEVEL = "-Onone";
			};
			name = Debug;
		};
		2BCF135F29F4EE9200B8DA54 /* Release */ = {
			isa = XCBuildConfiguration;
			buildSettings = {
				ALWAYS_SEARCH_USER_PATHS = NO;
				CLANG_ANALYZER_NONNULL = YES;
				CLANG_ANALYZER_NUMBER_OBJECT_CONVERSION = YES_AGGRESSIVE;
				CLANG_CXX_LANGUAGE_STANDARD = "gnu++20";
				CLANG_ENABLE_MODULES = YES;
				CLANG_ENABLE_OBJC_ARC = YES;
				CLANG_ENABLE_OBJC_WEAK = YES;
				CLANG_WARN_BLOCK_CAPTURE_AUTORELEASING = YES;
				CLANG_WARN_BOOL_CONVERSION = YES;
				CLANG_WARN_COMMA = YES;
				CLANG_WARN_CONSTANT_CONVERSION = YES;
				CLANG_WARN_DEPRECATED_OBJC_IMPLEMENTATIONS = YES;
				CLANG_WARN_DIRECT_OBJC_ISA_USAGE = YES_ERROR;
				CLANG_WARN_DOCUMENTATION_COMMENTS = YES;
				CLANG_WARN_EMPTY_BODY = YES;
				CLANG_WARN_ENUM_CONVERSION = YES;
				CLANG_WARN_INFINITE_RECURSION = YES;
				CLANG_WARN_INT_CONVERSION = YES;
				CLANG_WARN_NON_LITERAL_NULL_CONVERSION = YES;
				CLANG_WARN_OBJC_IMPLICIT_RETAIN_SELF = YES;
				CLANG_WARN_OBJC_LITERAL_CONVERSION = YES;
				CLANG_WARN_OBJC_ROOT_CLASS = YES_ERROR;
				CLANG_WARN_QUOTED_INCLUDE_IN_FRAMEWORK_HEADER = YES;
				CLANG_WARN_RANGE_LOOP_ANALYSIS = YES;
				CLANG_WARN_STRICT_PROTOTYPES = YES;
				CLANG_WARN_SUSPICIOUS_MOVE = YES;
				CLANG_WARN_UNGUARDED_AVAILABILITY = YES_AGGRESSIVE;
				CLANG_WARN_UNREACHABLE_CODE = YES;
				CLANG_WARN__DUPLICATE_METHOD_MATCH = YES;
				COPY_PHASE_STRIP = NO;
				DEBUG_INFORMATION_FORMAT = "dwarf-with-dsym";
				ENABLE_NS_ASSERTIONS = NO;
				ENABLE_STRICT_OBJC_MSGSEND = YES;
				GCC_C_LANGUAGE_STANDARD = gnu11;
				GCC_NO_COMMON_BLOCKS = YES;
				GCC_WARN_64_TO_32_BIT_CONVERSION = YES;
				GCC_WARN_ABOUT_RETURN_TYPE = YES_ERROR;
				GCC_WARN_UNDECLARED_SELECTOR = YES;
				GCC_WARN_UNINITIALIZED_AUTOS = YES_AGGRESSIVE;
				GCC_WARN_UNUSED_FUNCTION = YES;
				GCC_WARN_UNUSED_VARIABLE = YES;
				IPHONEOS_DEPLOYMENT_TARGET = 16.2;
				MTL_ENABLE_DEBUG_INFO = NO;
				MTL_FAST_MATH = YES;
				SDKROOT = iphoneos;
				SWIFT_COMPILATION_MODE = wholemodule;
				SWIFT_OPTIMIZATION_LEVEL = "-O";
				VALIDATE_PRODUCT = YES;
			};
			name = Release;
		};
		2BCF136129F4EE9200B8DA54 /* Debug */ = {
			isa = XCBuildConfiguration;
			baseConfigurationReference = A902BECAA683C2CB44953271 /* Pods-RX Swift News.debug.xcconfig */;
			buildSettings = {
				ASSETCATALOG_COMPILER_APPICON_NAME = AppIcon;
				ASSETCATALOG_COMPILER_GLOBAL_ACCENT_COLOR_NAME = AccentColor;
				CODE_SIGN_STYLE = Automatic;
				CURRENT_PROJECT_VERSION = 1;
				DEVELOPMENT_TEAM = 7QNUJ3KXAJ;
				GENERATE_INFOPLIST_FILE = YES;
				INFOPLIST_FILE = "RX Swift News/Info.plist";
				INFOPLIST_KEY_UIApplicationSupportsIndirectInputEvents = YES;
				INFOPLIST_KEY_UILaunchStoryboardName = LaunchScreen;
				INFOPLIST_KEY_UIMainStoryboardFile = Main;
				INFOPLIST_KEY_UISupportedInterfaceOrientations_iPad = "UIInterfaceOrientationPortrait UIInterfaceOrientationPortraitUpsideDown UIInterfaceOrientationLandscapeLeft UIInterfaceOrientationLandscapeRight";
				INFOPLIST_KEY_UISupportedInterfaceOrientations_iPhone = "UIInterfaceOrientationPortrait UIInterfaceOrientationLandscapeLeft UIInterfaceOrientationLandscapeRight";
				LD_RUNPATH_SEARCH_PATHS = (
					"$(inherited)",
					"@executable_path/Frameworks",
				);
				MARKETING_VERSION = 1.0;
				PRODUCT_BUNDLE_IDENTIFIER = "com.mindhyve.rx-swift-news.RX-Swift-News";
				PRODUCT_NAME = "$(TARGET_NAME)";
				SWIFT_EMIT_LOC_STRINGS = YES;
				SWIFT_VERSION = 5.0;
				TARGETED_DEVICE_FAMILY = "1,2";
			};
			name = Debug;
		};
		2BCF136229F4EE9200B8DA54 /* Release */ = {
			isa = XCBuildConfiguration;
			baseConfigurationReference = 37CB274FD020DAC0138F4B60 /* Pods-RX Swift News.release.xcconfig */;
			buildSettings = {
				ASSETCATALOG_COMPILER_APPICON_NAME = AppIcon;
				ASSETCATALOG_COMPILER_GLOBAL_ACCENT_COLOR_NAME = AccentColor;
				CODE_SIGN_STYLE = Automatic;
				CURRENT_PROJECT_VERSION = 1;
				DEVELOPMENT_TEAM = 7QNUJ3KXAJ;
				GENERATE_INFOPLIST_FILE = YES;
				INFOPLIST_FILE = "RX Swift News/Info.plist";
				INFOPLIST_KEY_UIApplicationSupportsIndirectInputEvents = YES;
				INFOPLIST_KEY_UILaunchStoryboardName = LaunchScreen;
				INFOPLIST_KEY_UIMainStoryboardFile = Main;
				INFOPLIST_KEY_UISupportedInterfaceOrientations_iPad = "UIInterfaceOrientationPortrait UIInterfaceOrientationPortraitUpsideDown UIInterfaceOrientationLandscapeLeft UIInterfaceOrientationLandscapeRight";
				INFOPLIST_KEY_UISupportedInterfaceOrientations_iPhone = "UIInterfaceOrientationPortrait UIInterfaceOrientationLandscapeLeft UIInterfaceOrientationLandscapeRight";
				LD_RUNPATH_SEARCH_PATHS = (
					"$(inherited)",
					"@executable_path/Frameworks",
				);
				MARKETING_VERSION = 1.0;
				PRODUCT_BUNDLE_IDENTIFIER = "com.mindhyve.rx-swift-news.RX-Swift-News";
				PRODUCT_NAME = "$(TARGET_NAME)";
				SWIFT_EMIT_LOC_STRINGS = YES;
				SWIFT_VERSION = 5.0;
				TARGETED_DEVICE_FAMILY = "1,2";
			};
			name = Release;
		};
/* End XCBuildConfiguration section */

/* Begin XCConfigurationList section */
		2BCF134729F4EE9100B8DA54 /* Build configuration list for PBXProject "RX Swift News" */ = {
			isa = XCConfigurationList;
			buildConfigurations = (
				2BCF135E29F4EE9200B8DA54 /* Debug */,
				2BCF135F29F4EE9200B8DA54 /* Release */,
			);
			defaultConfigurationIsVisible = 0;
			defaultConfigurationName = Release;
		};
		2BCF136029F4EE9200B8DA54 /* Build configuration list for PBXNativeTarget "RX Swift News" */ = {
			isa = XCConfigurationList;
			buildConfigurations = (
				2BCF136129F4EE9200B8DA54 /* Debug */,
				2BCF136229F4EE9200B8DA54 /* Release */,
			);
			defaultConfigurationIsVisible = 0;
			defaultConfigurationName = Release;
		};
/* End XCConfigurationList section */
	};
	rootObject = 2BCF134429F4EE9100B8DA54 /* Project object */;
}
